
Microsoft Visual Studio Solution File, Format Version 12.00
# Visual Studio 15
VisualStudioVersion = 15.0.28307.168
MinimumVisualStudioVersion = 15.0.26124.0
Project("{9A19103F-16F7-4668-BE54-9A1E7A4F7556}") = "WebAppForConsul", "WebAppForConsul\WebAppForConsul.csproj", "{3FB0A048-48FB-4F81-AE8D-514A12D65620}"
EndProject
Project("{FAE04EC0-301F-11D3-BF4B-00C04F79EFBC}") = "ConsoleApp", "ConsoleApp\ConsoleApp.csproj", "{69336075-76F4-4F70-BFA9-F0664CD719D6}"
EndProject
Global
	GlobalSection(SolutionConfigurationPlatforms) = preSolution
		Debug|Any CPU = Debug|Any CPU
		Debug|x64 = Debug|x64
		Debug|x86 = Debug|x86
		Release|Any CPU = Release|Any CPU
		Release|x64 = Release|x64
		Release|x86 = Release|x86
	EndGlobalSection
	GlobalSection(ProjectConfigurationPlatforms) = postSolution
		{3FB0A048-48FB-4F81-AE8D-514A12D65620}.Debug|Any CPU.ActiveCfg = Debug|Any CPU
		{3FB0A048-48FB-4F81-AE8D-514A12D65620}.Debug|Any CPU.Build.0 = Debug|Any CPU
		{3FB0A048-48FB-4F81-AE8D-514A12D65620}.Debug|x64.ActiveCfg = Debug|Any CPU
		{3FB0A048-48FB-4F81-AE8D-514A12D65620}.Debug|x64.Build.0 = Debug|Any CPU
		{3FB0A048-48FB-4F81-AE8D-514A12D65620}.Debug|x86.ActiveCfg = Debug|Any CPU
		{3FB0A048-48FB-4F81-AE8D-514A12D65620}.Debug|x86.Build.0 = Debug|Any CPU
		{3FB0A048-48FB-4F81-AE8D-514A12D65620}.Release|Any CPU.ActiveCfg = Release|Any CPU
		{3FB0A048-48FB-4F81-AE8D-514A12D65620}.Release|Any CPU.Build.0 = Release|Any CPU
		{3FB0A048-48FB-4F81-AE8D-514A12D65620}.Release|x64.ActiveCfg = Release|Any CPU
		{3FB0A048-48FB-4F81-AE8D-514A12D65620}.Release|x64.Build.0 = Release|Any CPU
		{3FB0A048-48FB-4F81-AE8D-514A12D65620}.Release|x86.ActiveCfg = Release|Any CPU
		{3FB0A048-48FB-4F81-AE8D-514A12D65620}.Release|x86.Build.0 = Release|Any CPU
		{69336075-76F4-4F70-BFA9-F0664CD719D6}.Debug|Any CPU.ActiveCfg = Debug|Any CPU
		{69336075-76F4-4F70-BFA9-F0664CD719D6}.Debug|Any CPU.Build.0 = Debug|Any CPU
		{69336075-76F4-4F70-BFA9-F0664CD719D6}.Debug|x64.ActiveCfg = Debug|Any CPU
		{69336075-76F4-4F70-BFA9-F0664CD719D6}.Debug|x64.Build.0 = Debug|Any CPU
		{69336075-76F4-4F70-BFA9-F0664CD719D6}.Debug|x86.ActiveCfg = Debug|Any CPU
		{69336075-76F4-4F70-BFA9-F0664CD719D6}.Debug|x86.Build.0 = Debug|Any CPU
		{69336075-76F4-4F70-BFA9-F0664CD719D6}.Release|Any CPU.ActiveCfg = Release|Any CPU
		{69336075-76F4-4F70-BFA9-F0664CD719D6}.Release|Any CPU.Build.0 = Release|Any CPU
		{69336075-76F4-4F70-BFA9-F0664CD719D6}.Release|x64.ActiveCfg = Release|Any CPU
		{69336075-76F4-4F70-BFA9-F0664CD719D6}.Release|x64.Build.0 = Release|Any CPU
		{69336075-76F4-4F70-BFA9-F0664CD719D6}.Release|x86.ActiveCfg = Release|Any CPU
		{69336075-76F4-4F70-BFA9-F0664CD719D6}.Release|x86.Build.0 = Release|Any CPU
	EndGlobalSection
	GlobalSection(SolutionProperties) = preSolution
		HideSolutionNode = FALSE
	EndGlobalSection
	GlobalSection(ExtensibilityGlobals) = postSolution
		SolutionGuid = {33963D90-C847-4008-8824-53F6A582B6E4}
	EndGlobalSection
EndGlobal
